
Microsoft Visual Studio Solution File, Format Version 12.00
# Visual Studio Version 16
VisualStudioVersion = 25.0.1706.0
MinimumVisualStudioVersion = 10.0.40219.1
Project("{FAE04EC0-301F-11D3-BF4B-00C04F79EFBC}") = "Common", "Common\Common.csproj", "{ACAC479C-A323-4397-95EF-055EAB3D94D0}"
EndProject
Project("{FAE04EC0-301F-11D3-BF4B-00C04F79EFBC}") = "DataAccess", "DataAccess\DataAccess.csproj", "{A95C36CC-82A5-4CF3-88F2-008D5E8420CF}"
EndProject
Project("{FAE04EC0-301F-11D3-BF4B-00C04F79EFBC}") = "Business", "Business\Business.csproj", "{9C5D03AB-1EB1-4389-BEBD-B5811AD49862}"
EndProject
Project("{FAE04EC0-301F-11D3-BF4B-00C04F79EFBC}") = "Presentation", "Presentation\Presentation.csproj", "{25E09233-D80B-4D4C-A2EC-FE09DE67B072}"
EndProject
Global
	GlobalSection(SolutionConfigurationPlatforms) = preSolution
		Debug|Any CPU = Debug|Any CPU
		Release|Any CPU = Release|Any CPU
	EndGlobalSection
	GlobalSection(ProjectConfigurationPlatforms) = postSolution
		{ACAC479C-A323-4397-95EF-055EAB3D94D0}.Debug|Any CPU.ActiveCfg = Debug|Any CPU
		{ACAC479C-A323-4397-95EF-055EAB3D94D0}.Debug|Any CPU.Build.0 = Debug|Any CPU
		{ACAC479C-A323-4397-95EF-055EAB3D94D0}.Release|Any CPU.ActiveCfg = Release|Any CPU
		{ACAC479C-A323-4397-95EF-055EAB3D94D0}.Release|Any CPU.Build.0 = Release|Any CPU
		{A95C36CC-82A5-4CF3-88F2-008D5E8420CF}.Debug|Any CPU.ActiveCfg = Debug|Any CPU
		{A95C36CC-82A5-4CF3-88F2-008D5E8420CF}.Debug|Any CPU.Build.0 = Debug|Any CPU
		{A95C36CC-82A5-4CF3-88F2-008D5E8420CF}.Release|Any CPU.ActiveCfg = Release|Any CPU
		{A95C36CC-82A5-4CF3-88F2-008D5E8420CF}.Release|Any CPU.Build.0 = Release|Any CPU
		{9C5D03AB-1EB1-4389-BEBD-B5811AD49862}.Debug|Any CPU.ActiveCfg = Debug|Any CPU
		{9C5D03AB-1EB1-4389-BEBD-B5811AD49862}.Debug|Any CPU.Build.0 = Debug|Any CPU
		{9C5D03AB-1EB1-4389-BEBD-B5811AD49862}.Release|Any CPU.ActiveCfg = Release|Any CPU
		{9C5D03AB-1EB1-4389-BEBD-B5811AD49862}.Release|Any CPU.Build.0 = Release|Any CPU
		{25E09233-D80B-4D4C-A2EC-FE09DE67B072}.Debug|Any CPU.ActiveCfg = Debug|Any CPU
		{25E09233-D80B-4D4C-A2EC-FE09DE67B072}.Debug|Any CPU.Build.0 = Debug|Any CPU
		{25E09233-D80B-4D4C-A2EC-FE09DE67B072}.Release|Any CPU.ActiveCfg = Release|Any CPU
		{25E09233-D80B-4D4C-A2EC-FE09DE67B072}.Release|Any CPU.Build.0 = Release|Any CPU
	EndGlobalSection
	GlobalSection(SolutionProperties) = preSolution
		HideSolutionNode = FALSE
	EndGlobalSection
	GlobalSection(ExtensibilityGlobals) = postSolution
		SolutionGuid = {4A277D4B-EB2D-4B6B-8D36-867A29A299ED}
	EndGlobalSection
EndGlobal
